// !$*UTF8*$!
{
	archiveVersion = 1;
	classes = {
	};
	objectVersion = 42;
	objects = {

/* Begin PBXFileReference section */
		360FD7D211A410BA00AEC536 /* ReadMe.rdoc */ = {isa = PBXFileReference; fileEncoding = 4; lastKnownFileType = text; path = ReadMe.rdoc; sourceTree = "<group>"; };
		360FD7D311A410BF00AEC536 /* Licence */ = {isa = PBXFileReference; fileEncoding = 4; lastKnownFileType = text; path = Licence; sourceTree = "<group>"; };
		360FD93E11A426CF00AEC536 /* run_main.rb */ = {isa = PBXFileReference; fileEncoding = 4; lastKnownFileType = text.script.ruby; path = run_main.rb; sourceTree = "<group>"; };
		36F9026011A54B27009E69E2 /* LoginPanel.rb */ = {isa = PBXFileReference; fileEncoding = 4; lastKnownFileType = text.script.ruby; path = LoginPanel.rb; sourceTree = "<group>"; };
		36F9026111A54B27009E69E2 /* MainPanel.rb */ = {isa = PBXFileReference; fileEncoding = 4; lastKnownFileType = text.script.ruby; path = MainPanel.rb; sourceTree = "<group>"; };
		36F9026211A54B27009E69E2 /* MainWindow.rb */ = {isa = PBXFileReference; fileEncoding = 4; lastKnownFileType = text.script.ruby; path = MainWindow.rb; sourceTree = "<group>"; };
		36F9026311A54B27009E69E2 /* ServiceSelectPanel.rb */ = {isa = PBXFileReference; fileEncoding = 4; lastKnownFileType = text.script.ruby; path = ServiceSelectPanel.rb; sourceTree = "<group>"; };
		36F9026411A54B27009E69E2 /* SpreadsheetUploadPanel.rb */ = {isa = PBXFileReference; fileEncoding = 4; lastKnownFileType = text.script.ruby; path = SpreadsheetUploadPanel.rb; sourceTree = "<group>"; };
		36F9028B11A54B90009E69E2 /* application_requires.rb */ = {isa = PBXFileReference; fileEncoding = 4; lastKnownFileType = text.script.ruby; name = application_requires.rb; path = "Other-Sources/application_requires.rb"; sourceTree = SOURCE_ROOT; };
		36F9028C11A54B90009E69E2 /* main.rb */ = {isa = PBXFileReference; fileEncoding = 4; lastKnownFileType = text.script.ruby; name = main.rb; path = "Other-Sources/main.rb"; sourceTree = SOURCE_ROOT; };
		36F902BD11A55AC2009E69E2 /* DownloadSpreadsheetAction.rb */ = {isa = PBXFileReference; fileEncoding = 4; lastKnownFileType = text.script.ruby; path = DownloadSpreadsheetAction.rb; sourceTree = "<group>"; };
		36F9033F11A562B1009E69E2 /* UploadSpreadsheetAction.rb */ = {isa = PBXFileReference; fileEncoding = 4; lastKnownFileType = text.script.ruby; path = UploadSpreadsheetAction.rb; sourceTree = "<group>"; };
		36F905D111A58885009E69E2 /* GoBackAction.rb */ = {isa = PBXFileReference; fileEncoding = 4; lastKnownFileType = text.script.ruby; path = GoBackAction.rb; sourceTree = "<group>"; };
		36F9063C11A5965F009E69E2 /* DoLoginAction.rb */ = {isa = PBXFileReference; fileEncoding = 4; lastKnownFileType = text.script.ruby; path = DoLoginAction.rb; sourceTree = "<group>"; };
/* End PBXFileReference section */

/* Begin PBXGroup section */
		360FD7A711A40F7000AEC536 = {
			isa = PBXGroup;
			children = (
				360FD93E11A426CF00AEC536 /* run_main.rb */,
				36F9025F11A54B27009E69E2 /* User-Interface */,
				36F9028911A54B90009E69E2 /* Event-Handlers */,
				36F9028A11A54B90009E69E2 /* Other-Sources */,
				36F9026511A54B41009E69E2 /* Resources */,
				360FD7B911A4107600AEC536 /* Documentation */,
			);
			sourceTree = "<group>";
		};
		360FD7B911A4107600AEC536 /* Documentation */ = {
			isa = PBXGroup;
			children = (
				360FD7D311A410BF00AEC536 /* Licence */,
				360FD7D211A410BA00AEC536 /* ReadMe.rdoc */,
			);
			name = Documentation;
			sourceTree = SOURCE_ROOT;
		};
		36F9025F11A54B27009E69E2 /* User-Interface */ = {
			isa = PBXGroup;
			children = (
				36F9026011A54B27009E69E2 /* LoginPanel.rb */,
				36F9026111A54B27009E69E2 /* MainPanel.rb */,
				36F9026211A54B27009E69E2 /* MainWindow.rb */,
				36F9026311A54B27009E69E2 /* ServiceSelectPanel.rb */,
				36F9026411A54B27009E69E2 /* SpreadsheetUploadPanel.rb */,
			);
			path = "User-Interface";
			sourceTree = SOURCE_ROOT;
		};
		36F9026511A54B41009E69E2 /* Resources */ = {
			isa = PBXGroup;
			children = (
			);
			path = Resources;
			sourceTree = SOURCE_ROOT;
		};
		36F9028911A54B90009E69E2 /* Event-Handlers */ = {
			isa = PBXGroup;
			children = (
				36F9063C11A5965F009E69E2 /* DoLoginAction.rb */,
				36F902BD11A55AC2009E69E2 /* DownloadSpreadsheetAction.rb */,
				36F9033F11A562B1009E69E2 /* UploadSpreadsheetAction.rb */,
				36F905D111A58885009E69E2 /* GoBackAction.rb */,
			);
			path = "Event-Handlers";
			sourceTree = SOURCE_ROOT;
		};
		36F9028A11A54B90009E69E2 /* Other-Sources */ = {
			isa = PBXGroup;
			children = (
				36F9028B11A54B90009E69E2 /* application_requires.rb */,
				36F9028C11A54B90009E69E2 /* main.rb */,
			);
			path = "Other-Sources";
			sourceTree = SOURCE_ROOT;
		};
/* End PBXGroup section */

/* Begin PBXProject section */
		360FD7A911A40F7000AEC536 /* Project object */ = {
			isa = PBXProject;
			buildConfigurationList = 360FD7AC11A40F7000AEC536 /* Build configuration list for PBXProject "BioCatalogue-Mass-Curator" */;
			compatibilityVersion = "Xcode 2.4";
			hasScannedForEncodings = 0;
			mainGroup = 360FD7A711A40F7000AEC536;
			projectDirPath = "";
			projectRoot = "";
			targets = (
			);
		};
/* End PBXProject section */

/* Begin XCBuildConfiguration section */
		360FD7AA11A40F7000AEC536 /* Debug */ = {
			isa = XCBuildConfiguration;
			buildSettings = {
				COPY_PHASE_STRIP = NO;
			};
			name = Debug;
		};
		360FD7AB11A40F7000AEC536 /* Release */ = {
			isa = XCBuildConfiguration;
			buildSettings = {
				COPY_PHASE_STRIP = YES;
			};
			name = Release;
		};
/* End XCBuildConfiguration section */

/* Begin XCConfigurationList section */
		360FD7AC11A40F7000AEC536 /* Build configuration list for PBXProject "BioCatalogue-Mass-Curator" */ = {
			isa = XCConfigurationList;
			buildConfigurations = (
				360FD7AA11A40F7000AEC536 /* Debug */,
				360FD7AB11A40F7000AEC536 /* Release */,
			);
			defaultConfigurationIsVisible = 0;
			defaultConfigurationName = Release;
		};
/* End XCConfigurationList section */
	};
	rootObject = 360FD7A911A40F7000AEC536 /* Project object */;
}
