// !$*UTF8*$!
{
	archiveVersion = 1;
	classes = {
	};
	objectVersion = 42;
	objects = {

/* Begin PBXFileReference section */
		360FD7D211A410BA00AEC536 /* ReadMe.rdoc */ = {isa = PBXFileReference; fileEncoding = 4; lastKnownFileType = text; path = ReadMe.rdoc; sourceTree = "<group>"; };
		360FD7D311A410BF00AEC536 /* Licence */ = {isa = PBXFileReference; fileEncoding = 4; lastKnownFileType = text; path = Licence; sourceTree = "<group>"; };
		360FD93E11A426CF00AEC536 /* run_main.rb */ = {isa = PBXFileReference; fileEncoding = 4; lastKnownFileType = text.script.ruby; path = run_main.rb; sourceTree = "<group>"; };
		3620A93511A536B500A67C45 /* Other-Sources */ = {isa = PBXFileReference; lastKnownFileType = folder; path = "Other-Sources"; sourceTree = "<group>"; };
		3620A94011A536D800A67C45 /* User-Interface */ = {isa = PBXFileReference; explicitFileType = folder; path = "User-Interface"; sourceTree = SOURCE_ROOT; };
		3620A94A11A5371300A67C45 /* Resources */ = {isa = PBXFileReference; lastKnownFileType = folder; path = Resources; sourceTree = SOURCE_ROOT; };
		3620A95811A5376700A67C45 /* Event-Handlers */ = {isa = PBXFileReference; lastKnownFileType = folder; path = "Event-Handlers"; sourceTree = SOURCE_ROOT; };
/* End PBXFileReference section */

/* Begin PBXGroup section */
		360FD7A711A40F7000AEC536 = {
			isa = PBXGroup;
			children = (
				360FD93E11A426CF00AEC536 /* run_main.rb */,
				3620A94011A536D800A67C45 /* User-Interface */,
				3620A95811A5376700A67C45 /* Event-Handlers */,
				3620A93511A536B500A67C45 /* Other-Sources */,
				3620A94A11A5371300A67C45 /* Resources */,
				360FD7B911A4107600AEC536 /* Documentation */,
			);
			sourceTree = "<group>";
		};
		360FD7B911A4107600AEC536 /* Documentation */ = {
			isa = PBXGroup;
			children = (
				360FD7D311A410BF00AEC536 /* Licence */,
				360FD7D211A410BA00AEC536 /* ReadMe.rdoc */,
			);
			name = Documentation;
			sourceTree = "<group>";
		};
/* End PBXGroup section */

/* Begin PBXProject section */
		360FD7A911A40F7000AEC536 /* Project object */ = {
			isa = PBXProject;
			buildConfigurationList = 360FD7AC11A40F7000AEC536 /* Build configuration list for PBXProject "BioCatalogue-Mass-Curator" */;
			compatibilityVersion = "Xcode 2.4";
			hasScannedForEncodings = 0;
			mainGroup = 360FD7A711A40F7000AEC536;
			projectDirPath = "";
			projectRoot = "";
			targets = (
			);
		};
/* End PBXProject section */

/* Begin XCBuildConfiguration section */
		360FD7AA11A40F7000AEC536 /* Debug */ = {
			isa = XCBuildConfiguration;
			buildSettings = {
				COPY_PHASE_STRIP = NO;
			};
			name = Debug;
		};
		360FD7AB11A40F7000AEC536 /* Release */ = {
			isa = XCBuildConfiguration;
			buildSettings = {
				COPY_PHASE_STRIP = YES;
			};
			name = Release;
		};
/* End XCBuildConfiguration section */

/* Begin XCConfigurationList section */
		360FD7AC11A40F7000AEC536 /* Build configuration list for PBXProject "BioCatalogue-Mass-Curator" */ = {
			isa = XCConfigurationList;
			buildConfigurations = (
				360FD7AA11A40F7000AEC536 /* Debug */,
				360FD7AB11A40F7000AEC536 /* Release */,
			);
			defaultConfigurationIsVisible = 0;
			defaultConfigurationName = Release;
		};
/* End XCConfigurationList section */
	};
	rootObject = 360FD7A911A40F7000AEC536 /* Project object */;
}
